<?xml version="1.0" encoding="utf-8"?>
<Project ToolsVersion="16.0" xmlns="http://schemas.microsoft.com/developer/msbuild/2003">
  <ItemGroup>
    <ClCompile Include="C:\Users\SonByeongguk\WT\Cocos2d-x 10CloneCoding(10CC)\Match3\Classes\AppDelegate.cpp">
      <Filter>Source Files\Classes</Filter>
    </ClCompile>
    <ClCompile Include="C:\Users\SonByeongguk\WT\Cocos2d-x 10CloneCoding(10CC)\Match3\Classes\HelloWorldScene.cpp">
      <Filter>Source Files\Classes</Filter>
    </ClCompile>
    <ClCompile Include="C:\Users\SonByeongguk\WT\Cocos2d-x 10CloneCoding(10CC)\Match3\proj.win32\main.cpp">
      <Filter>Source Files\proj.win32</Filter>
    </ClCompile>
    <ClCompile Include="..\Classes\SceneIngame.cpp">
      <Filter>Source Files\Classes</Filter>
    </ClCompile>
    <ClCompile Include="..\Classes\stdafx.cpp">
      <Filter>Source Files\Classes</Filter>
    </ClCompile>
  </ItemGroup>
  <ItemGroup>
    <ClInclude Include="C:\Users\SonByeongguk\WT\Cocos2d-x 10CloneCoding(10CC)\Match3\Classes\AppDelegate.h">
      <Filter>Source Files\Classes</Filter>
    </ClInclude>
    <ClInclude Include="C:\Users\SonByeongguk\WT\Cocos2d-x 10CloneCoding(10CC)\Match3\Classes\HelloWorldScene.h">
      <Filter>Source Files\Classes</Filter>
    </ClInclude>
    <ClInclude Include="C:\Users\SonByeongguk\WT\Cocos2d-x 10CloneCoding(10CC)\Match3\proj.win32\main.h">
      <Filter>Source Files\proj.win32</Filter>
    </ClInclude>
    <ClInclude Include="C:\Users\SonByeongguk\WT\Cocos2d-x 10CloneCoding(10CC)\Match3\proj.win32\resource.h">
      <Filter>Source Files\proj.win32</Filter>
    </ClInclude>
    <ClInclude Include="C:\Users\SonByeongguk\WT\Cocos2d-x 10CloneCoding(10CC)\Match3\Resources\CloseNormal.png">
      <Filter>Resources</Filter>
    </ClInclude>
    <ClInclude Include="C:\Users\SonByeongguk\WT\Cocos2d-x 10CloneCoding(10CC)\Match3\Resources\CloseSelected.png">
      <Filter>Resources</Filter>
    </ClInclude>
    <ClInclude Include="C:\Users\SonByeongguk\WT\Cocos2d-x 10CloneCoding(10CC)\Match3\Resources\HelloWorld.png">
      <Filter>Resources</Filter>
    </ClInclude>
    <ClInclude Include="C:\Users\SonByeongguk\WT\Cocos2d-x 10CloneCoding(10CC)\Match3\Resources\fonts\Marker Felt.ttf">
      <Filter>Resources\fonts</Filter>
    </ClInclude>
    <ClInclude Include="C:\Users\SonByeongguk\WT\Cocos2d-x 10CloneCoding(10CC)\Match3\Resources\fonts\arial.ttf">
      <Filter>Resources\fonts</Filter>
    </ClInclude>
    <ClInclude Include="C:\Users\SonByeongguk\WT\Cocos2d-x 10CloneCoding(10CC)\Match3\Resources\res\.gitkeep">
      <Filter>Resources\res</Filter>
    </ClInclude>
    <ClInclude Include="..\Classes\SceneIngame.h">
      <Filter>Source Files\Classes</Filter>
    </ClInclude>
    <ClInclude Include="..\Classes\Environment.h">
      <Filter>Source Files\Classes</Filter>
    </ClInclude>
    <ClInclude Include="..\Classes\stdafx.h">
      <Filter>Source Files\Classes</Filter>
    </ClInclude>
  </ItemGroup>
  <ItemGroup>
    <CustomBuild Include="C:\Users\SonByeongguk\WT\Cocos2d-x 10CloneCoding(10CC)\Match3\CMakeLists.txt" />
  </ItemGroup>
  <ItemGroup>
    <ResourceCompile Include="C:\Users\SonByeongguk\WT\Cocos2d-x 10CloneCoding(10CC)\Match3\proj.win32\game.rc">
      <Filter>Source Files\proj.win32</Filter>
    </ResourceCompile>
  </ItemGroup>
  <ItemGroup>
    <Filter Include="Resources">
      <UniqueIdentifier>{49CECE3E-B900-3D6F-B80E-3DB44DC3FB5F}</UniqueIdentifier>
    </Filter>
    <Filter Include="Resources\fonts">
      <UniqueIdentifier>{17FFEA41-9072-308C-9831-3A56D258727C}</UniqueIdentifier>
    </Filter>
    <Filter Include="Resources\res">
      <UniqueIdentifier>{5D091880-CE32-36D6-916B-13D836F2DFC0}</UniqueIdentifier>
    </Filter>
    <Filter Include="Source Files">
      <UniqueIdentifier>{49BF21B9-8934-31A9-9EDF-062BE2B61486}</UniqueIdentifier>
    </Filter>
    <Filter Include="Source Files\Classes">
      <UniqueIdentifier>{EC14949E-1D97-326B-A9E3-DDCB70122CC5}</UniqueIdentifier>
    </Filter>
    <Filter Include="Source Files\proj.win32">
      <UniqueIdentifier>{76E1F048-3A46-32F9-8B54-01894E25680A}</UniqueIdentifier>
    </Filter>
  </ItemGroup>
</Project>