
Microsoft Visual Studio Solution File, Format Version 12.00
# Visual Studio Version 16
Project("{2150E333-8FDC-42A3-9474-1A3956D46DE8}") = "CMakePredefinedTargets", "CMakePredefinedTargets", "{6D8E2C70-C053-3AB7-8E64-C80A56F77F26}"
EndProject
Project("{2150E333-8FDC-42A3-9474-1A3956D46DE8}") = "External", "External", "{05CE985A-DC4C-39AF-B9BC-E107DACFEC61}"
EndProject
Project("{2150E333-8FDC-42A3-9474-1A3956D46DE8}") = "Internal", "Internal", "{1169F6C6-9C6E-34F0-B16A-6750CC2E4803}"
EndProject
Project("{2150E333-8FDC-42A3-9474-1A3956D46DE8}") = "Utils", "Utils", "{B10E2D68-826F-3706-ADD1-909490450192}"
EndProject
Project("{8BC9CEB8-8B4A-11D0-8D11-00A0C91BC942}") = "ALL_BUILD", "ALL_BUILD.vcxproj", "{B256BD37-8E44-362A-BD96-67D781CE06EF}"
	ProjectSection(ProjectDependencies) = postProject
		{EDB691EA-E748-3E3A-9251-31CC365BA192} = {EDB691EA-E748-3E3A-9251-31CC365BA192}
		{957E1146-77EB-3302-A29E-672652D41CA4} = {957E1146-77EB-3302-A29E-672652D41CA4}
		{557A212D-CB2B-33FF-B946-EB4FE982F150} = {557A212D-CB2B-33FF-B946-EB4FE982F150}
		{3FFF21D9-E0C1-317F-A2F5-9E80B7BB2EF7} = {3FFF21D9-E0C1-317F-A2F5-9E80B7BB2EF7}
		{4E87DB67-51A9-310D-9D46-172A514F33E0} = {4E87DB67-51A9-310D-9D46-172A514F33E0}
		{7AB3C3AB-64CE-3256-B3FB-ABF603F13F29} = {7AB3C3AB-64CE-3256-B3FB-ABF603F13F29}
		{ADD779DB-94A7-3304-BAD0-53B4B423F9E4} = {ADD779DB-94A7-3304-BAD0-53B4B423F9E4}
		{03C1554F-B8A4-344A-B2EC-BBBDA18CDF85} = {03C1554F-B8A4-344A-B2EC-BBBDA18CDF85}
		{F4E5A262-21F1-3175-9757-9DCED91D289E} = {F4E5A262-21F1-3175-9757-9DCED91D289E}
		{4663C16E-18EB-3F1D-B4B8-8EA84A06A799} = {4663C16E-18EB-3F1D-B4B8-8EA84A06A799}
		{603EFDAC-7739-3649-9488-293CB3C20103} = {603EFDAC-7739-3649-9488-293CB3C20103}
		{7D8AC4AD-1ECF-32C8-BFE9-0BD8EAEA96E1} = {7D8AC4AD-1ECF-32C8-BFE9-0BD8EAEA96E1}
		{BF8C0696-6F15-36AE-9565-63C28648B917} = {BF8C0696-6F15-36AE-9565-63C28648B917}
		{FB2926A4-7965-339F-B2FE-2D3BE01DD668} = {FB2926A4-7965-339F-B2FE-2D3BE01DD668}
		{3905F098-1C26-3DBD-B5C1-7BDD14467B97} = {3905F098-1C26-3DBD-B5C1-7BDD14467B97}
	EndProjectSection
EndProject
Project("{8BC9CEB8-8B4A-11D0-8D11-00A0C91BC942}") = "Match3", "Match3.vcxproj", "{EDB691EA-E748-3E3A-9251-31CC365BA192}"
	ProjectSection(ProjectDependencies) = postProject
		{957E1146-77EB-3302-A29E-672652D41CA4} = {957E1146-77EB-3302-A29E-672652D41CA4}
		{557A212D-CB2B-33FF-B946-EB4FE982F150} = {557A212D-CB2B-33FF-B946-EB4FE982F150}
		{3FFF21D9-E0C1-317F-A2F5-9E80B7BB2EF7} = {3FFF21D9-E0C1-317F-A2F5-9E80B7BB2EF7}
		{4E87DB67-51A9-310D-9D46-172A514F33E0} = {4E87DB67-51A9-310D-9D46-172A514F33E0}
		{7AB3C3AB-64CE-3256-B3FB-ABF603F13F29} = {7AB3C3AB-64CE-3256-B3FB-ABF603F13F29}
		{ADD779DB-94A7-3304-BAD0-53B4B423F9E4} = {ADD779DB-94A7-3304-BAD0-53B4B423F9E4}
		{03C1554F-B8A4-344A-B2EC-BBBDA18CDF85} = {03C1554F-B8A4-344A-B2EC-BBBDA18CDF85}
		{F4E5A262-21F1-3175-9757-9DCED91D289E} = {F4E5A262-21F1-3175-9757-9DCED91D289E}
		{4663C16E-18EB-3F1D-B4B8-8EA84A06A799} = {4663C16E-18EB-3F1D-B4B8-8EA84A06A799}
		{603EFDAC-7739-3649-9488-293CB3C20103} = {603EFDAC-7739-3649-9488-293CB3C20103}
		{7D8AC4AD-1ECF-32C8-BFE9-0BD8EAEA96E1} = {7D8AC4AD-1ECF-32C8-BFE9-0BD8EAEA96E1}
		{BF8C0696-6F15-36AE-9565-63C28648B917} = {BF8C0696-6F15-36AE-9565-63C28648B917}
		{FB2926A4-7965-339F-B2FE-2D3BE01DD668} = {FB2926A4-7965-339F-B2FE-2D3BE01DD668}
		{3905F098-1C26-3DBD-B5C1-7BDD14467B97} = {3905F098-1C26-3DBD-B5C1-7BDD14467B97}
	EndProjectSection
EndProject
Project("{8BC9CEB8-8B4A-11D0-8D11-00A0C91BC942}") = "SYNC_RESOURCE-Match3", "SYNC_RESOURCE-Match3.vcxproj", "{957E1146-77EB-3302-A29E-672652D41CA4}"
	ProjectSection(ProjectDependencies) = postProject
		{557A212D-CB2B-33FF-B946-EB4FE982F150} = {557A212D-CB2B-33FF-B946-EB4FE982F150}
	EndProjectSection
EndProject
Project("{8BC9CEB8-8B4A-11D0-8D11-00A0C91BC942}") = "ZERO_CHECK", "ZERO_CHECK.vcxproj", "{557A212D-CB2B-33FF-B946-EB4FE982F150}"
	ProjectSection(ProjectDependencies) = postProject
	EndProjectSection
EndProject
Project("{8BC9CEB8-8B4A-11D0-8D11-00A0C91BC942}") = "cocos2d", "engine\cocos\core\cocos2d.vcxproj", "{3FFF21D9-E0C1-317F-A2F5-9E80B7BB2EF7}"
	ProjectSection(ProjectDependencies) = postProject
		{557A212D-CB2B-33FF-B946-EB4FE982F150} = {557A212D-CB2B-33FF-B946-EB4FE982F150}
		{4E87DB67-51A9-310D-9D46-172A514F33E0} = {4E87DB67-51A9-310D-9D46-172A514F33E0}
		{7AB3C3AB-64CE-3256-B3FB-ABF603F13F29} = {7AB3C3AB-64CE-3256-B3FB-ABF603F13F29}
		{ADD779DB-94A7-3304-BAD0-53B4B423F9E4} = {ADD779DB-94A7-3304-BAD0-53B4B423F9E4}
		{03C1554F-B8A4-344A-B2EC-BBBDA18CDF85} = {03C1554F-B8A4-344A-B2EC-BBBDA18CDF85}
		{F4E5A262-21F1-3175-9757-9DCED91D289E} = {F4E5A262-21F1-3175-9757-9DCED91D289E}
		{4663C16E-18EB-3F1D-B4B8-8EA84A06A799} = {4663C16E-18EB-3F1D-B4B8-8EA84A06A799}
		{603EFDAC-7739-3649-9488-293CB3C20103} = {603EFDAC-7739-3649-9488-293CB3C20103}
		{7D8AC4AD-1ECF-32C8-BFE9-0BD8EAEA96E1} = {7D8AC4AD-1ECF-32C8-BFE9-0BD8EAEA96E1}
		{BF8C0696-6F15-36AE-9565-63C28648B917} = {BF8C0696-6F15-36AE-9565-63C28648B917}
		{FB2926A4-7965-339F-B2FE-2D3BE01DD668} = {FB2926A4-7965-339F-B2FE-2D3BE01DD668}
		{3905F098-1C26-3DBD-B5C1-7BDD14467B97} = {3905F098-1C26-3DBD-B5C1-7BDD14467B97}
	EndProjectSection
EndProject
Project("{8BC9CEB8-8B4A-11D0-8D11-00A0C91BC942}") = "ext_clipper", "engine\external\clipper\ext_clipper.vcxproj", "{4E87DB67-51A9-310D-9D46-172A514F33E0}"
	ProjectSection(ProjectDependencies) = postProject
		{557A212D-CB2B-33FF-B946-EB4FE982F150} = {557A212D-CB2B-33FF-B946-EB4FE982F150}
	EndProjectSection
EndProject
Project("{8BC9CEB8-8B4A-11D0-8D11-00A0C91BC942}") = "ext_convertUTF", "engine\external\ConvertUTF\ext_convertUTF.vcxproj", "{7AB3C3AB-64CE-3256-B3FB-ABF603F13F29}"
	ProjectSection(ProjectDependencies) = postProject
		{557A212D-CB2B-33FF-B946-EB4FE982F150} = {557A212D-CB2B-33FF-B946-EB4FE982F150}
	EndProjectSection
EndProject
Project("{8BC9CEB8-8B4A-11D0-8D11-00A0C91BC942}") = "ext_edtaa3func", "engine\external\edtaa3func\ext_edtaa3func.vcxproj", "{ADD779DB-94A7-3304-BAD0-53B4B423F9E4}"
	ProjectSection(ProjectDependencies) = postProject
		{557A212D-CB2B-33FF-B946-EB4FE982F150} = {557A212D-CB2B-33FF-B946-EB4FE982F150}
	EndProjectSection
EndProject
Project("{8BC9CEB8-8B4A-11D0-8D11-00A0C91BC942}") = "ext_md5", "engine\external\md5\ext_md5.vcxproj", "{03C1554F-B8A4-344A-B2EC-BBBDA18CDF85}"
	ProjectSection(ProjectDependencies) = postProject
		{557A212D-CB2B-33FF-B946-EB4FE982F150} = {557A212D-CB2B-33FF-B946-EB4FE982F150}
	EndProjectSection
EndProject
Project("{8BC9CEB8-8B4A-11D0-8D11-00A0C91BC942}") = "ext_poly2tri", "engine\external\poly2tri\ext_poly2tri.vcxproj", "{F4E5A262-21F1-3175-9757-9DCED91D289E}"
	ProjectSection(ProjectDependencies) = postProject
		{557A212D-CB2B-33FF-B946-EB4FE982F150} = {557A212D-CB2B-33FF-B946-EB4FE982F150}
	EndProjectSection
EndProject
Project("{8BC9CEB8-8B4A-11D0-8D11-00A0C91BC942}") = "ext_recast", "engine\external\recast\ext_recast.vcxproj", "{4663C16E-18EB-3F1D-B4B8-8EA84A06A799}"
	ProjectSection(ProjectDependencies) = postProject
		{557A212D-CB2B-33FF-B946-EB4FE982F150} = {557A212D-CB2B-33FF-B946-EB4FE982F150}
	EndProjectSection
EndProject
Project("{8BC9CEB8-8B4A-11D0-8D11-00A0C91BC942}") = "ext_tinyxml2", "engine\external\tinyxml2\ext_tinyxml2.vcxproj", "{603EFDAC-7739-3649-9488-293CB3C20103}"
	ProjectSection(ProjectDependencies) = postProject
		{557A212D-CB2B-33FF-B946-EB4FE982F150} = {557A212D-CB2B-33FF-B946-EB4FE982F150}
	EndProjectSection
EndProject
Project("{8BC9CEB8-8B4A-11D0-8D11-00A0C91BC942}") = "ext_unzip", "engine\external\unzip\ext_unzip.vcxproj", "{7D8AC4AD-1ECF-32C8-BFE9-0BD8EAEA96E1}"
	ProjectSection(ProjectDependencies) = postProject
		{557A212D-CB2B-33FF-B946-EB4FE982F150} = {557A212D-CB2B-33FF-B946-EB4FE982F150}
	EndProjectSection
EndProject
Project("{8BC9CEB8-8B4A-11D0-8D11-00A0C91BC942}") = "ext_xxhash", "engine\external\xxhash\ext_xxhash.vcxproj", "{BF8C0696-6F15-36AE-9565-63C28648B917}"
	ProjectSection(ProjectDependencies) = postProject
		{557A212D-CB2B-33FF-B946-EB4FE982F150} = {557A212D-CB2B-33FF-B946-EB4FE982F150}
	EndProjectSection
EndProject
Project("{8BC9CEB8-8B4A-11D0-8D11-00A0C91BC942}") = "ext_xxtea", "engine\external\xxtea\ext_xxtea.vcxproj", "{FB2926A4-7965-339F-B2FE-2D3BE01DD668}"
	ProjectSection(ProjectDependencies) = postProject
		{557A212D-CB2B-33FF-B946-EB4FE982F150} = {557A212D-CB2B-33FF-B946-EB4FE982F150}
	EndProjectSection
EndProject
Project("{8BC9CEB8-8B4A-11D0-8D11-00A0C91BC942}") = "external", "engine\external\external.vcxproj", "{3905F098-1C26-3DBD-B5C1-7BDD14467B97}"
	ProjectSection(ProjectDependencies) = postProject
		{557A212D-CB2B-33FF-B946-EB4FE982F150} = {557A212D-CB2B-33FF-B946-EB4FE982F150}
		{4E87DB67-51A9-310D-9D46-172A514F33E0} = {4E87DB67-51A9-310D-9D46-172A514F33E0}
		{7AB3C3AB-64CE-3256-B3FB-ABF603F13F29} = {7AB3C3AB-64CE-3256-B3FB-ABF603F13F29}
		{ADD779DB-94A7-3304-BAD0-53B4B423F9E4} = {ADD779DB-94A7-3304-BAD0-53B4B423F9E4}
		{03C1554F-B8A4-344A-B2EC-BBBDA18CDF85} = {03C1554F-B8A4-344A-B2EC-BBBDA18CDF85}
		{F4E5A262-21F1-3175-9757-9DCED91D289E} = {F4E5A262-21F1-3175-9757-9DCED91D289E}
		{4663C16E-18EB-3F1D-B4B8-8EA84A06A799} = {4663C16E-18EB-3F1D-B4B8-8EA84A06A799}
		{603EFDAC-7739-3649-9488-293CB3C20103} = {603EFDAC-7739-3649-9488-293CB3C20103}
		{7D8AC4AD-1ECF-32C8-BFE9-0BD8EAEA96E1} = {7D8AC4AD-1ECF-32C8-BFE9-0BD8EAEA96E1}
		{BF8C0696-6F15-36AE-9565-63C28648B917} = {BF8C0696-6F15-36AE-9565-63C28648B917}
		{FB2926A4-7965-339F-B2FE-2D3BE01DD668} = {FB2926A4-7965-339F-B2FE-2D3BE01DD668}
	EndProjectSection
EndProject
Global
	GlobalSection(SolutionConfigurationPlatforms) = preSolution
		Debug|Win32 = Debug|Win32
		Release|Win32 = Release|Win32
		MinSizeRel|Win32 = MinSizeRel|Win32
		RelWithDebInfo|Win32 = RelWithDebInfo|Win32
	EndGlobalSection
	GlobalSection(ProjectConfigurationPlatforms) = postSolution
		{B256BD37-8E44-362A-BD96-67D781CE06EF}.Debug|Win32.ActiveCfg = Debug|Win32
		{B256BD37-8E44-362A-BD96-67D781CE06EF}.Release|Win32.ActiveCfg = Release|Win32
		{B256BD37-8E44-362A-BD96-67D781CE06EF}.MinSizeRel|Win32.ActiveCfg = MinSizeRel|Win32
		{B256BD37-8E44-362A-BD96-67D781CE06EF}.RelWithDebInfo|Win32.ActiveCfg = RelWithDebInfo|Win32
		{EDB691EA-E748-3E3A-9251-31CC365BA192}.Debug|Win32.ActiveCfg = Debug|Win32
		{EDB691EA-E748-3E3A-9251-31CC365BA192}.Debug|Win32.Build.0 = Debug|Win32
		{EDB691EA-E748-3E3A-9251-31CC365BA192}.Release|Win32.ActiveCfg = Release|Win32
		{EDB691EA-E748-3E3A-9251-31CC365BA192}.Release|Win32.Build.0 = Release|Win32
		{EDB691EA-E748-3E3A-9251-31CC365BA192}.MinSizeRel|Win32.ActiveCfg = MinSizeRel|Win32
		{EDB691EA-E748-3E3A-9251-31CC365BA192}.MinSizeRel|Win32.Build.0 = MinSizeRel|Win32
		{EDB691EA-E748-3E3A-9251-31CC365BA192}.RelWithDebInfo|Win32.ActiveCfg = RelWithDebInfo|Win32
		{EDB691EA-E748-3E3A-9251-31CC365BA192}.RelWithDebInfo|Win32.Build.0 = RelWithDebInfo|Win32
		{957E1146-77EB-3302-A29E-672652D41CA4}.Debug|Win32.ActiveCfg = Debug|Win32
		{957E1146-77EB-3302-A29E-672652D41CA4}.Debug|Win32.Build.0 = Debug|Win32
		{957E1146-77EB-3302-A29E-672652D41CA4}.Release|Win32.ActiveCfg = Release|Win32
		{957E1146-77EB-3302-A29E-672652D41CA4}.Release|Win32.Build.0 = Release|Win32
		{957E1146-77EB-3302-A29E-672652D41CA4}.MinSizeRel|Win32.ActiveCfg = MinSizeRel|Win32
		{957E1146-77EB-3302-A29E-672652D41CA4}.MinSizeRel|Win32.Build.0 = MinSizeRel|Win32
		{957E1146-77EB-3302-A29E-672652D41CA4}.RelWithDebInfo|Win32.ActiveCfg = RelWithDebInfo|Win32
		{957E1146-77EB-3302-A29E-672652D41CA4}.RelWithDebInfo|Win32.Build.0 = RelWithDebInfo|Win32
		{557A212D-CB2B-33FF-B946-EB4FE982F150}.Debug|Win32.ActiveCfg = Debug|Win32
		{557A212D-CB2B-33FF-B946-EB4FE982F150}.Debug|Win32.Build.0 = Debug|Win32
		{557A212D-CB2B-33FF-B946-EB4FE982F150}.Release|Win32.ActiveCfg = Release|Win32
		{557A212D-CB2B-33FF-B946-EB4FE982F150}.Release|Win32.Build.0 = Release|Win32
		{557A212D-CB2B-33FF-B946-EB4FE982F150}.MinSizeRel|Win32.ActiveCfg = MinSizeRel|Win32
		{557A212D-CB2B-33FF-B946-EB4FE982F150}.MinSizeRel|Win32.Build.0 = MinSizeRel|Win32
		{557A212D-CB2B-33FF-B946-EB4FE982F150}.RelWithDebInfo|Win32.ActiveCfg = RelWithDebInfo|Win32
		{557A212D-CB2B-33FF-B946-EB4FE982F150}.RelWithDebInfo|Win32.Build.0 = RelWithDebInfo|Win32
		{3FFF21D9-E0C1-317F-A2F5-9E80B7BB2EF7}.Debug|Win32.ActiveCfg = Debug|Win32
		{3FFF21D9-E0C1-317F-A2F5-9E80B7BB2EF7}.Debug|Win32.Build.0 = Debug|Win32
		{3FFF21D9-E0C1-317F-A2F5-9E80B7BB2EF7}.Release|Win32.ActiveCfg = Release|Win32
		{3FFF21D9-E0C1-317F-A2F5-9E80B7BB2EF7}.Release|Win32.Build.0 = Release|Win32
		{3FFF21D9-E0C1-317F-A2F5-9E80B7BB2EF7}.MinSizeRel|Win32.ActiveCfg = MinSizeRel|Win32
		{3FFF21D9-E0C1-317F-A2F5-9E80B7BB2EF7}.MinSizeRel|Win32.Build.0 = MinSizeRel|Win32
		{3FFF21D9-E0C1-317F-A2F5-9E80B7BB2EF7}.RelWithDebInfo|Win32.ActiveCfg = RelWithDebInfo|Win32
		{3FFF21D9-E0C1-317F-A2F5-9E80B7BB2EF7}.RelWithDebInfo|Win32.Build.0 = RelWithDebInfo|Win32
		{4E87DB67-51A9-310D-9D46-172A514F33E0}.Debug|Win32.ActiveCfg = Debug|Win32
		{4E87DB67-51A9-310D-9D46-172A514F33E0}.Debug|Win32.Build.0 = Debug|Win32
		{4E87DB67-51A9-310D-9D46-172A514F33E0}.Release|Win32.ActiveCfg = Release|Win32
		{4E87DB67-51A9-310D-9D46-172A514F33E0}.Release|Win32.Build.0 = Release|Win32
		{4E87DB67-51A9-310D-9D46-172A514F33E0}.MinSizeRel|Win32.ActiveCfg = MinSizeRel|Win32
		{4E87DB67-51A9-310D-9D46-172A514F33E0}.MinSizeRel|Win32.Build.0 = MinSizeRel|Win32
		{4E87DB67-51A9-310D-9D46-172A514F33E0}.RelWithDebInfo|Win32.ActiveCfg = RelWithDebInfo|Win32
		{4E87DB67-51A9-310D-9D46-172A514F33E0}.RelWithDebInfo|Win32.Build.0 = RelWithDebInfo|Win32
		{7AB3C3AB-64CE-3256-B3FB-ABF603F13F29}.Debug|Win32.ActiveCfg = Debug|Win32
		{7AB3C3AB-64CE-3256-B3FB-ABF603F13F29}.Debug|Win32.Build.0 = Debug|Win32
		{7AB3C3AB-64CE-3256-B3FB-ABF603F13F29}.Release|Win32.ActiveCfg = Release|Win32
		{7AB3C3AB-64CE-3256-B3FB-ABF603F13F29}.Release|Win32.Build.0 = Release|Win32
		{7AB3C3AB-64CE-3256-B3FB-ABF603F13F29}.MinSizeRel|Win32.ActiveCfg = MinSizeRel|Win32
		{7AB3C3AB-64CE-3256-B3FB-ABF603F13F29}.MinSizeRel|Win32.Build.0 = MinSizeRel|Win32
		{7AB3C3AB-64CE-3256-B3FB-ABF603F13F29}.RelWithDebInfo|Win32.ActiveCfg = RelWithDebInfo|Win32
		{7AB3C3AB-64CE-3256-B3FB-ABF603F13F29}.RelWithDebInfo|Win32.Build.0 = RelWithDebInfo|Win32
		{ADD779DB-94A7-3304-BAD0-53B4B423F9E4}.Debug|Win32.ActiveCfg = Debug|Win32
		{ADD779DB-94A7-3304-BAD0-53B4B423F9E4}.Debug|Win32.Build.0 = Debug|Win32
		{ADD779DB-94A7-3304-BAD0-53B4B423F9E4}.Release|Win32.ActiveCfg = Release|Win32
		{ADD779DB-94A7-3304-BAD0-53B4B423F9E4}.Release|Win32.Build.0 = Release|Win32
		{ADD779DB-94A7-3304-BAD0-53B4B423F9E4}.MinSizeRel|Win32.ActiveCfg = MinSizeRel|Win32
		{ADD779DB-94A7-3304-BAD0-53B4B423F9E4}.MinSizeRel|Win32.Build.0 = MinSizeRel|Win32
		{ADD779DB-94A7-3304-BAD0-53B4B423F9E4}.RelWithDebInfo|Win32.ActiveCfg = RelWithDebInfo|Win32
		{ADD779DB-94A7-3304-BAD0-53B4B423F9E4}.RelWithDebInfo|Win32.Build.0 = RelWithDebInfo|Win32
		{03C1554F-B8A4-344A-B2EC-BBBDA18CDF85}.Debug|Win32.ActiveCfg = Debug|Win32
		{03C1554F-B8A4-344A-B2EC-BBBDA18CDF85}.Debug|Win32.Build.0 = Debug|Win32
		{03C1554F-B8A4-344A-B2EC-BBBDA18CDF85}.Release|Win32.ActiveCfg = Release|Win32
		{03C1554F-B8A4-344A-B2EC-BBBDA18CDF85}.Release|Win32.Build.0 = Release|Win32
		{03C1554F-B8A4-344A-B2EC-BBBDA18CDF85}.MinSizeRel|Win32.ActiveCfg = MinSizeRel|Win32
		{03C1554F-B8A4-344A-B2EC-BBBDA18CDF85}.MinSizeRel|Win32.Build.0 = MinSizeRel|Win32
		{03C1554F-B8A4-344A-B2EC-BBBDA18CDF85}.RelWithDebInfo|Win32.ActiveCfg = RelWithDebInfo|Win32
		{03C1554F-B8A4-344A-B2EC-BBBDA18CDF85}.RelWithDebInfo|Win32.Build.0 = RelWithDebInfo|Win32
		{F4E5A262-21F1-3175-9757-9DCED91D289E}.Debug|Win32.ActiveCfg = Debug|Win32
		{F4E5A262-21F1-3175-9757-9DCED91D289E}.Debug|Win32.Build.0 = Debug|Win32
		{F4E5A262-21F1-3175-9757-9DCED91D289E}.Release|Win32.ActiveCfg = Release|Win32
		{F4E5A262-21F1-3175-9757-9DCED91D289E}.Release|Win32.Build.0 = Release|Win32
		{F4E5A262-21F1-3175-9757-9DCED91D289E}.MinSizeRel|Win32.ActiveCfg = MinSizeRel|Win32
		{F4E5A262-21F1-3175-9757-9DCED91D289E}.MinSizeRel|Win32.Build.0 = MinSizeRel|Win32
		{F4E5A262-21F1-3175-9757-9DCED91D289E}.RelWithDebInfo|Win32.ActiveCfg = RelWithDebInfo|Win32
		{F4E5A262-21F1-3175-9757-9DCED91D289E}.RelWithDebInfo|Win32.Build.0 = RelWithDebInfo|Win32
		{4663C16E-18EB-3F1D-B4B8-8EA84A06A799}.Debug|Win32.ActiveCfg = Debug|Win32
		{4663C16E-18EB-3F1D-B4B8-8EA84A06A799}.Debug|Win32.Build.0 = Debug|Win32
		{4663C16E-18EB-3F1D-B4B8-8EA84A06A799}.Release|Win32.ActiveCfg = Release|Win32
		{4663C16E-18EB-3F1D-B4B8-8EA84A06A799}.Release|Win32.Build.0 = Release|Win32
		{4663C16E-18EB-3F1D-B4B8-8EA84A06A799}.MinSizeRel|Win32.ActiveCfg = MinSizeRel|Win32
		{4663C16E-18EB-3F1D-B4B8-8EA84A06A799}.MinSizeRel|Win32.Build.0 = MinSizeRel|Win32
		{4663C16E-18EB-3F1D-B4B8-8EA84A06A799}.RelWithDebInfo|Win32.ActiveCfg = RelWithDebInfo|Win32
		{4663C16E-18EB-3F1D-B4B8-8EA84A06A799}.RelWithDebInfo|Win32.Build.0 = RelWithDebInfo|Win32
		{603EFDAC-7739-3649-9488-293CB3C20103}.Debug|Win32.ActiveCfg = Debug|Win32
		{603EFDAC-7739-3649-9488-293CB3C20103}.Debug|Win32.Build.0 = Debug|Win32
		{603EFDAC-7739-3649-9488-293CB3C20103}.Release|Win32.ActiveCfg = Release|Win32
		{603EFDAC-7739-3649-9488-293CB3C20103}.Release|Win32.Build.0 = Release|Win32
		{603EFDAC-7739-3649-9488-293CB3C20103}.MinSizeRel|Win32.ActiveCfg = MinSizeRel|Win32
		{603EFDAC-7739-3649-9488-293CB3C20103}.MinSizeRel|Win32.Build.0 = MinSizeRel|Win32
		{603EFDAC-7739-3649-9488-293CB3C20103}.RelWithDebInfo|Win32.ActiveCfg = RelWithDebInfo|Win32
		{603EFDAC-7739-3649-9488-293CB3C20103}.RelWithDebInfo|Win32.Build.0 = RelWithDebInfo|Win32
		{7D8AC4AD-1ECF-32C8-BFE9-0BD8EAEA96E1}.Debug|Win32.ActiveCfg = Debug|Win32
		{7D8AC4AD-1ECF-32C8-BFE9-0BD8EAEA96E1}.Debug|Win32.Build.0 = Debug|Win32
		{7D8AC4AD-1ECF-32C8-BFE9-0BD8EAEA96E1}.Release|Win32.ActiveCfg = Release|Win32
		{7D8AC4AD-1ECF-32C8-BFE9-0BD8EAEA96E1}.Release|Win32.Build.0 = Release|Win32
		{7D8AC4AD-1ECF-32C8-BFE9-0BD8EAEA96E1}.MinSizeRel|Win32.ActiveCfg = MinSizeRel|Win32
		{7D8AC4AD-1ECF-32C8-BFE9-0BD8EAEA96E1}.MinSizeRel|Win32.Build.0 = MinSizeRel|Win32
		{7D8AC4AD-1ECF-32C8-BFE9-0BD8EAEA96E1}.RelWithDebInfo|Win32.ActiveCfg = RelWithDebInfo|Win32
		{7D8AC4AD-1ECF-32C8-BFE9-0BD8EAEA96E1}.RelWithDebInfo|Win32.Build.0 = RelWithDebInfo|Win32
		{BF8C0696-6F15-36AE-9565-63C28648B917}.Debug|Win32.ActiveCfg = Debug|Win32
		{BF8C0696-6F15-36AE-9565-63C28648B917}.Debug|Win32.Build.0 = Debug|Win32
		{BF8C0696-6F15-36AE-9565-63C28648B917}.Release|Win32.ActiveCfg = Release|Win32
		{BF8C0696-6F15-36AE-9565-63C28648B917}.Release|Win32.Build.0 = Release|Win32
		{BF8C0696-6F15-36AE-9565-63C28648B917}.MinSizeRel|Win32.ActiveCfg = MinSizeRel|Win32
		{BF8C0696-6F15-36AE-9565-63C28648B917}.MinSizeRel|Win32.Build.0 = MinSizeRel|Win32
		{BF8C0696-6F15-36AE-9565-63C28648B917}.RelWithDebInfo|Win32.ActiveCfg = RelWithDebInfo|Win32
		{BF8C0696-6F15-36AE-9565-63C28648B917}.RelWithDebInfo|Win32.Build.0 = RelWithDebInfo|Win32
		{FB2926A4-7965-339F-B2FE-2D3BE01DD668}.Debug|Win32.ActiveCfg = Debug|Win32
		{FB2926A4-7965-339F-B2FE-2D3BE01DD668}.Debug|Win32.Build.0 = Debug|Win32
		{FB2926A4-7965-339F-B2FE-2D3BE01DD668}.Release|Win32.ActiveCfg = Release|Win32
		{FB2926A4-7965-339F-B2FE-2D3BE01DD668}.Release|Win32.Build.0 = Release|Win32
		{FB2926A4-7965-339F-B2FE-2D3BE01DD668}.MinSizeRel|Win32.ActiveCfg = MinSizeRel|Win32
		{FB2926A4-7965-339F-B2FE-2D3BE01DD668}.MinSizeRel|Win32.Build.0 = MinSizeRel|Win32
		{FB2926A4-7965-339F-B2FE-2D3BE01DD668}.RelWithDebInfo|Win32.ActiveCfg = RelWithDebInfo|Win32
		{FB2926A4-7965-339F-B2FE-2D3BE01DD668}.RelWithDebInfo|Win32.Build.0 = RelWithDebInfo|Win32
		{3905F098-1C26-3DBD-B5C1-7BDD14467B97}.Debug|Win32.ActiveCfg = Debug|Win32
		{3905F098-1C26-3DBD-B5C1-7BDD14467B97}.Debug|Win32.Build.0 = Debug|Win32
		{3905F098-1C26-3DBD-B5C1-7BDD14467B97}.Release|Win32.ActiveCfg = Release|Win32
		{3905F098-1C26-3DBD-B5C1-7BDD14467B97}.Release|Win32.Build.0 = Release|Win32
		{3905F098-1C26-3DBD-B5C1-7BDD14467B97}.MinSizeRel|Win32.ActiveCfg = MinSizeRel|Win32
		{3905F098-1C26-3DBD-B5C1-7BDD14467B97}.MinSizeRel|Win32.Build.0 = MinSizeRel|Win32
		{3905F098-1C26-3DBD-B5C1-7BDD14467B97}.RelWithDebInfo|Win32.ActiveCfg = RelWithDebInfo|Win32
		{3905F098-1C26-3DBD-B5C1-7BDD14467B97}.RelWithDebInfo|Win32.Build.0 = RelWithDebInfo|Win32
	EndGlobalSection
	GlobalSection(NestedProjects) = preSolution
		{B256BD37-8E44-362A-BD96-67D781CE06EF} = {6D8E2C70-C053-3AB7-8E64-C80A56F77F26}
		{557A212D-CB2B-33FF-B946-EB4FE982F150} = {6D8E2C70-C053-3AB7-8E64-C80A56F77F26}
		{4E87DB67-51A9-310D-9D46-172A514F33E0} = {05CE985A-DC4C-39AF-B9BC-E107DACFEC61}
		{7AB3C3AB-64CE-3256-B3FB-ABF603F13F29} = {05CE985A-DC4C-39AF-B9BC-E107DACFEC61}
		{ADD779DB-94A7-3304-BAD0-53B4B423F9E4} = {05CE985A-DC4C-39AF-B9BC-E107DACFEC61}
		{03C1554F-B8A4-344A-B2EC-BBBDA18CDF85} = {05CE985A-DC4C-39AF-B9BC-E107DACFEC61}
		{F4E5A262-21F1-3175-9757-9DCED91D289E} = {05CE985A-DC4C-39AF-B9BC-E107DACFEC61}
		{4663C16E-18EB-3F1D-B4B8-8EA84A06A799} = {05CE985A-DC4C-39AF-B9BC-E107DACFEC61}
		{603EFDAC-7739-3649-9488-293CB3C20103} = {05CE985A-DC4C-39AF-B9BC-E107DACFEC61}
		{7D8AC4AD-1ECF-32C8-BFE9-0BD8EAEA96E1} = {05CE985A-DC4C-39AF-B9BC-E107DACFEC61}
		{BF8C0696-6F15-36AE-9565-63C28648B917} = {05CE985A-DC4C-39AF-B9BC-E107DACFEC61}
		{FB2926A4-7965-339F-B2FE-2D3BE01DD668} = {05CE985A-DC4C-39AF-B9BC-E107DACFEC61}
		{3905F098-1C26-3DBD-B5C1-7BDD14467B97} = {05CE985A-DC4C-39AF-B9BC-E107DACFEC61}
		{3FFF21D9-E0C1-317F-A2F5-9E80B7BB2EF7} = {1169F6C6-9C6E-34F0-B16A-6750CC2E4803}
		{957E1146-77EB-3302-A29E-672652D41CA4} = {B10E2D68-826F-3706-ADD1-909490450192}
	EndGlobalSection
	GlobalSection(ExtensibilityGlobals) = postSolution
		SolutionGuid = {E48577C0-7EA9-30E3-A15E-F50647870834}
	EndGlobalSection
	GlobalSection(ExtensibilityAddIns) = postSolution
	EndGlobalSection
EndGlobal
